
Microsoft Visual Studio Solution File, Format Version 12.00
# Visual Studio Version 17
VisualStudioVersion = 17.1.32421.90
MinimumVisualStudioVersion = 10.0.40219.1
Project("{FAE04EC0-301F-11D3-BF4B-00C04F79EFBC}") = "WebApiDbLayer", "WebApiDbLayer.csproj", "{9BFCFDE0-9413-4D3A-A797-12EAFEFF089A}"
EndProject
Project("{FAE04EC0-301F-11D3-BF4B-00C04F79EFBC}") = "WebApiWithDatabaseWithNoRelationShip", "..\WebApiWithDatabaseWithNoRelationShip\WebApiWithDatabaseWithNoRelationShip.csproj", "{51D4AD4D-63B2-4E99-8950-EB73988690A8}"
EndProject
Global
	GlobalSection(SolutionConfigurationPlatforms) = preSolution
		Debug|Any CPU = Debug|Any CPU
		Release|Any CPU = Release|Any CPU
	EndGlobalSection
	GlobalSection(ProjectConfigurationPlatforms) = postSolution
		{9BFCFDE0-9413-4D3A-A797-12EAFEFF089A}.Debug|Any CPU.ActiveCfg = Debug|Any CPU
		{9BFCFDE0-9413-4D3A-A797-12EAFEFF089A}.Debug|Any CPU.Build.0 = Debug|Any CPU
		{9BFCFDE0-9413-4D3A-A797-12EAFEFF089A}.Release|Any CPU.ActiveCfg = Release|Any CPU
		{9BFCFDE0-9413-4D3A-A797-12EAFEFF089A}.Release|Any CPU.Build.0 = Release|Any CPU
		{51D4AD4D-63B2-4E99-8950-EB73988690A8}.Debug|Any CPU.ActiveCfg = Debug|Any CPU
		{51D4AD4D-63B2-4E99-8950-EB73988690A8}.Debug|Any CPU.Build.0 = Debug|Any CPU
		{51D4AD4D-63B2-4E99-8950-EB73988690A8}.Release|Any CPU.ActiveCfg = Release|Any CPU
		{51D4AD4D-63B2-4E99-8950-EB73988690A8}.Release|Any CPU.Build.0 = Release|Any CPU
	EndGlobalSection
	GlobalSection(SolutionProperties) = preSolution
		HideSolutionNode = FALSE
	EndGlobalSection
	GlobalSection(ExtensibilityGlobals) = postSolution
		SolutionGuid = {52A2F15E-9BD3-4281-9F8A-683C805AB3B6}
	EndGlobalSection
EndGlobal
